
Microsoft Visual Studio Solution File, Format Version 12.00
# Visual Studio Version 17
VisualStudioVersion = 17.3.32811.315
MinimumVisualStudioVersion = 10.0.40219.1
Project("{FAE04EC0-301F-11D3-BF4B-00C04F79EFBC}") = "DynamicLinqSearch", "DynamicLinqSearch.csproj", "{60C2D5CA-D7FF-4697-8F6D-7AF6CA1EFB55}"
EndProject
Global
	GlobalSection(SolutionConfigurationPlatforms) = preSolution
		Debug|Any CPU = Debug|Any CPU
		Release|Any CPU = Release|Any CPU
	EndGlobalSection
	GlobalSection(ProjectConfigurationPlatforms) = postSolution
		{60C2D5CA-D7FF-4697-8F6D-7AF6CA1EFB55}.Debug|Any CPU.ActiveCfg = Debug|Any CPU
		{60C2D5CA-D7FF-4697-8F6D-7AF6CA1EFB55}.Debug|Any CPU.Build.0 = Debug|Any CPU
		{60C2D5CA-D7FF-4697-8F6D-7AF6CA1EFB55}.Release|Any CPU.ActiveCfg = Release|Any CPU
		{60C2D5CA-D7FF-4697-8F6D-7AF6CA1EFB55}.Release|Any CPU.Build.0 = Release|Any CPU
	EndGlobalSection
	GlobalSection(SolutionProperties) = preSolution
		HideSolutionNode = FALSE
	EndGlobalSection
	GlobalSection(ExtensibilityGlobals) = postSolution
		SolutionGuid = {60C50EDE-D8B7-4739-AED5-9ABE14CD357F}
	EndGlobalSection
EndGlobal
